
Microsoft Visual Studio Solution File, Format Version 12.00
# Visual Studio 15
VisualStudioVersion = 15.0.26430.16
MinimumVisualStudioVersion = 10.0.40219.1
Project("{FAE04EC0-301F-11D3-BF4B-00C04F79EFBC}") = "NT8_Monitor", "NT8_Monitor\NT8_Monitor.csproj", "{BD2E1642-1D79-4F25-8D4D-7B70FFC2002D}"
EndProject
Project("{FAE04EC0-301F-11D3-BF4B-00C04F79EFBC}") = "NT8monitorLibrary", "NT8monitorLibrary\NT8monitorLibrary.csproj", "{71725205-BC45-48AF-A340-642337188D33}"
EndProject
Project("{2150E333-8FDC-42A3-9474-1A3956D46DE8}") = "Solution Items", "Solution Items", "{A79E531F-B306-438B-8A5C-26F07A8C0C18}"
EndProject
Global
	GlobalSection(SolutionConfigurationPlatforms) = preSolution
		Debug|Any CPU = Debug|Any CPU
		Release|Any CPU = Release|Any CPU
	EndGlobalSection
	GlobalSection(ProjectConfigurationPlatforms) = postSolution
		{BD2E1642-1D79-4F25-8D4D-7B70FFC2002D}.Debug|Any CPU.ActiveCfg = Debug|Any CPU
		{BD2E1642-1D79-4F25-8D4D-7B70FFC2002D}.Debug|Any CPU.Build.0 = Debug|Any CPU
		{BD2E1642-1D79-4F25-8D4D-7B70FFC2002D}.Release|Any CPU.ActiveCfg = Release|Any CPU
		{BD2E1642-1D79-4F25-8D4D-7B70FFC2002D}.Release|Any CPU.Build.0 = Release|Any CPU
		{71725205-BC45-48AF-A340-642337188D33}.Debug|Any CPU.ActiveCfg = Debug|Any CPU
		{71725205-BC45-48AF-A340-642337188D33}.Debug|Any CPU.Build.0 = Debug|Any CPU
		{71725205-BC45-48AF-A340-642337188D33}.Release|Any CPU.ActiveCfg = Release|Any CPU
		{71725205-BC45-48AF-A340-642337188D33}.Release|Any CPU.Build.0 = Release|Any CPU
	EndGlobalSection
	GlobalSection(SolutionProperties) = preSolution
		HideSolutionNode = FALSE
	EndGlobalSection
EndGlobal
